
Microsoft Visual Studio Solution File, Format Version 12.00
# Visual Studio Version 17
VisualStudioVersion = 17.8.34330.188
MinimumVisualStudioVersion = 10.0.40219.1
Project("{FAE04EC0-301F-11D3-BF4B-00C04F79EFBC}") = "登入", "登入\登入.csproj", "{878180E0-437A-4436-9A20-9B0A5CD66F7A}"
EndProject
Global
	GlobalSection(SolutionConfigurationPlatforms) = preSolution
		Debug|Any CPU = Debug|Any CPU
		Release|Any CPU = Release|Any CPU
	EndGlobalSection
	GlobalSection(ProjectConfigurationPlatforms) = postSolution
		{878180E0-437A-4436-9A20-9B0A5CD66F7A}.Debug|Any CPU.ActiveCfg = Debug|Any CPU
		{878180E0-437A-4436-9A20-9B0A5CD66F7A}.Debug|Any CPU.Build.0 = Debug|Any CPU
		{878180E0-437A-4436-9A20-9B0A5CD66F7A}.Release|Any CPU.ActiveCfg = Release|Any CPU
		{878180E0-437A-4436-9A20-9B0A5CD66F7A}.Release|Any CPU.Build.0 = Release|Any CPU
	EndGlobalSection
	GlobalSection(SolutionProperties) = preSolution
		HideSolutionNode = FALSE
	EndGlobalSection
	GlobalSection(ExtensibilityGlobals) = postSolution
		SolutionGuid = {FBE054F8-86BD-49ED-883E-CD7E51EFF8AD}
	EndGlobalSection
EndGlobal
